<?xml version="1.0" encoding="utf-8"?>
<Project ToolsVersion="4.0" xmlns="http://schemas.microsoft.com/developer/msbuild/2003">
  <ItemGroup>
    <Filter Include="Source Files">
      <UniqueIdentifier>{4FC737F1-C7A5-4376-A066-2A32D752A2FF}</UniqueIdentifier>
      <Extensions>cpp;c;cc;cxx;def;odl;idl;hpj;bat;asm;asmx</Extensions>
    </Filter>
    <Filter Include="Header Files">
      <UniqueIdentifier>{93995380-89BD-4b04-88EB-625FBE52EBFB}</UniqueIdentifier>
      <Extensions>h;hh;hpp;hxx;hm;inl;inc;xsd</Extensions>
    </Filter>
    <Filter Include="Resource Files">
      <UniqueIdentifier>{67DA6AB6-F800-4c08-8B7A-83BB121AAD01}</UniqueIdentifier>
      <Extensions>rc;ico;cur;bmp;dlg;rc2;rct;bin;rgs;gif;jpg;jpeg;jpe;resx;tiff;tif;png;wav;mfcribbon-ms</Extensions>
    </Filter>
  </ItemGroup>
  <ItemGroup>
    <ClInclude Include="Common.hpp">
      <Filter>Header Files</Filter>
    </ClInclude>
    <ClInclude Include="FrmEntry.hpp">
      <Filter>Header Files</Filter>
    </ClInclude>
    <ClInclude Include="FrmRegister.hpp">
      <Filter>Header Files</Filter>
    </ClInclude>
    <ClInclude Include="UclCfg.hpp">
      <Filter>Header Files</Filter>
    </ClInclude>
    <ClInclude Include="UclPipl.hpp">
      <Filter>Header Files</Filter>
    </ClInclude>
    <ClInclude Include="Ucl.hpp">
      <Filter>Header Files</Filter>
    </ClInclude>
    <ClInclude Include="FrmRecoUser.hpp">
      <Filter>Header Files</Filter>
    </ClInclude>
    <ClInclude Include="FrmRecoPass.hpp">
      <Filter>Header Files</Filter>
    </ClInclude>
    <ClInclude Include="FrmMain.hpp">
      <Filter>Header Files</Filter>
    </ClInclude>
    <ClInclude Include="FrmFileSend.hpp">
      <Filter>Header Files</Filter>
    </ClInclude>
    <ClInclude Include="FrmFileRecv.hpp">
      <Filter>Header Files</Filter>
    </ClInclude>
    <ClInclude Include="UccPipl.hpp">
      <Filter>Header Files</Filter>
    </ClInclude>
    <ClInclude Include="PeerManager.hpp">
      <Filter>Header Files</Filter>
    </ClInclude>
    <ClInclude Include="Event.hpp">
      <Filter>Header Files</Filter>
    </ClInclude>
    <ClInclude Include="OnFileReq.hpp">
      <Filter>Header Files</Filter>
    </ClInclude>
  </ItemGroup>
  <ItemGroup>
    <ClCompile Include="FrmEntry.cpp">
      <Filter>Source Files</Filter>
    </ClCompile>
    <ClCompile Include="Main.cpp">
      <Filter>Source Files</Filter>
    </ClCompile>
    <ClCompile Include="FrmRegister.cpp">
      <Filter>Source Files</Filter>
    </ClCompile>
    <ClCompile Include="UclPipl.cpp">
      <Filter>Source Files</Filter>
    </ClCompile>
    <ClCompile Include="FrmRecoUser.cpp">
      <Filter>Source Files</Filter>
    </ClCompile>
    <ClCompile Include="FrmRecoPass.cpp">
      <Filter>Source Files</Filter>
    </ClCompile>
    <ClCompile Include="FrmMain.cpp">
      <Filter>Source Files</Filter>
    </ClCompile>
    <ClCompile Include="FrmFileSend.cpp">
      <Filter>Source Files</Filter>
    </ClCompile>
    <ClCompile Include="FrmFileRecv.cpp">
      <Filter>Source Files</Filter>
    </ClCompile>
    <ClCompile Include="UccPipl.cpp">
      <Filter>Source Files</Filter>
    </ClCompile>
    <ClCompile Include="PeerManager.cpp">
      <Filter>Source Files</Filter>
    </ClCompile>
    <ClCompile Include="OnFileReq.cpp">
      <Filter>Source Files</Filter>
    </ClCompile>
  </ItemGroup>
</Project>