
Microsoft Visual Studio Solution File, Format Version 12.00
# Visual Studio 15
VisualStudioVersion = 15.0.27004.2005
MinimumVisualStudioVersion = 10.0.40219.1
Project("{8BC9CEB8-8B4A-11D0-8D11-00A0C91BC942}") = "UchCommon", "UchCommon\UchCommon.vcxproj", "{46587E9B-E76C-4512-AFD2-523E7F5CC5BE}"
EndProject
Project("{8BC9CEB8-8B4A-11D0-8D11-00A0C91BC942}") = "UchTestClient", "UchTestClient\UchTestClient.vcxproj", "{32BEF155-DBAC-410B-ADA4-049FFE08F0E4}"
	ProjectSection(ProjectDependencies) = postProject
		{46587E9B-E76C-4512-AFD2-523E7F5CC5BE} = {46587E9B-E76C-4512-AFD2-523E7F5CC5BE}
	EndProjectSection
EndProject
Project("{8BC9CEB8-8B4A-11D0-8D11-00A0C91BC942}") = "UchTestServer", "UchTestServer\UchTestServer.vcxproj", "{93A2EB04-0176-4EBE-8F4C-67D10BD59011}"
EndProject
Project("{8BC9CEB8-8B4A-11D0-8D11-00A0C91BC942}") = "UchTestUcp", "UchTestUcp\UchTestUcp.vcxproj", "{2591E5AC-8EE7-4C64-B401-AE8FE3A3A2AD}"
	ProjectSection(ProjectDependencies) = postProject
		{46587E9B-E76C-4512-AFD2-523E7F5CC5BE} = {46587E9B-E76C-4512-AFD2-523E7F5CC5BE}
	EndProjectSection
EndProject
Project("{8BC9CEB8-8B4A-11D0-8D11-00A0C91BC942}") = "UchTestProxy", "UchTestProxy\UchTestProxy.vcxproj", "{E64719D3-17E1-451F-AFEE-C61A52CD730E}"
EndProject
Project("{8BC9CEB8-8B4A-11D0-8D11-00A0C91BC942}") = "UchClient", "UchClient\UchClient.vcxproj", "{983B17E6-A03D-41D2-AD18-D541E52DC378}"
EndProject
Project("{8BC9CEB8-8B4A-11D0-8D11-00A0C91BC942}") = "UchServer", "UchServer\UchServer.vcxproj", "{714A969A-8701-47C0-B37A-4BB5F860650D}"
EndProject
Project("{8BC9CEB8-8B4A-11D0-8D11-00A0C91BC942}") = "UchProtocol", "UchProtocol\UchProtocol.vcxproj", "{84F7F240-101B-4F8A-87A2-C06D0C5AD00B}"
EndProject
Global
	GlobalSection(SolutionConfigurationPlatforms) = preSolution
		Debug|x64 = Debug|x64
		Debug|x86 = Debug|x86
		Release|x64 = Release|x64
		Release|x86 = Release|x86
	EndGlobalSection
	GlobalSection(ProjectConfigurationPlatforms) = postSolution
		{46587E9B-E76C-4512-AFD2-523E7F5CC5BE}.Debug|x64.ActiveCfg = Debug|x64
		{46587E9B-E76C-4512-AFD2-523E7F5CC5BE}.Debug|x64.Build.0 = Debug|x64
		{46587E9B-E76C-4512-AFD2-523E7F5CC5BE}.Debug|x86.ActiveCfg = Debug|Win32
		{46587E9B-E76C-4512-AFD2-523E7F5CC5BE}.Debug|x86.Build.0 = Debug|Win32
		{46587E9B-E76C-4512-AFD2-523E7F5CC5BE}.Release|x64.ActiveCfg = Release|x64
		{46587E9B-E76C-4512-AFD2-523E7F5CC5BE}.Release|x64.Build.0 = Release|x64
		{46587E9B-E76C-4512-AFD2-523E7F5CC5BE}.Release|x86.ActiveCfg = Release|Win32
		{46587E9B-E76C-4512-AFD2-523E7F5CC5BE}.Release|x86.Build.0 = Release|Win32
		{32BEF155-DBAC-410B-ADA4-049FFE08F0E4}.Debug|x64.ActiveCfg = Debug|x64
		{32BEF155-DBAC-410B-ADA4-049FFE08F0E4}.Debug|x64.Build.0 = Debug|x64
		{32BEF155-DBAC-410B-ADA4-049FFE08F0E4}.Debug|x86.ActiveCfg = Debug|Win32
		{32BEF155-DBAC-410B-ADA4-049FFE08F0E4}.Debug|x86.Build.0 = Debug|Win32
		{32BEF155-DBAC-410B-ADA4-049FFE08F0E4}.Release|x64.ActiveCfg = Release|x64
		{32BEF155-DBAC-410B-ADA4-049FFE08F0E4}.Release|x64.Build.0 = Release|x64
		{32BEF155-DBAC-410B-ADA4-049FFE08F0E4}.Release|x86.ActiveCfg = Release|Win32
		{32BEF155-DBAC-410B-ADA4-049FFE08F0E4}.Release|x86.Build.0 = Release|Win32
		{93A2EB04-0176-4EBE-8F4C-67D10BD59011}.Debug|x64.ActiveCfg = Debug|x64
		{93A2EB04-0176-4EBE-8F4C-67D10BD59011}.Debug|x64.Build.0 = Debug|x64
		{93A2EB04-0176-4EBE-8F4C-67D10BD59011}.Debug|x86.ActiveCfg = Debug|Win32
		{93A2EB04-0176-4EBE-8F4C-67D10BD59011}.Debug|x86.Build.0 = Debug|Win32
		{93A2EB04-0176-4EBE-8F4C-67D10BD59011}.Release|x64.ActiveCfg = Release|x64
		{93A2EB04-0176-4EBE-8F4C-67D10BD59011}.Release|x64.Build.0 = Release|x64
		{93A2EB04-0176-4EBE-8F4C-67D10BD59011}.Release|x86.ActiveCfg = Release|Win32
		{93A2EB04-0176-4EBE-8F4C-67D10BD59011}.Release|x86.Build.0 = Release|Win32
		{2591E5AC-8EE7-4C64-B401-AE8FE3A3A2AD}.Debug|x64.ActiveCfg = Debug|x64
		{2591E5AC-8EE7-4C64-B401-AE8FE3A3A2AD}.Debug|x64.Build.0 = Debug|x64
		{2591E5AC-8EE7-4C64-B401-AE8FE3A3A2AD}.Debug|x86.ActiveCfg = Debug|Win32
		{2591E5AC-8EE7-4C64-B401-AE8FE3A3A2AD}.Debug|x86.Build.0 = Debug|Win32
		{2591E5AC-8EE7-4C64-B401-AE8FE3A3A2AD}.Release|x64.ActiveCfg = Release|x64
		{2591E5AC-8EE7-4C64-B401-AE8FE3A3A2AD}.Release|x64.Build.0 = Release|x64
		{2591E5AC-8EE7-4C64-B401-AE8FE3A3A2AD}.Release|x86.ActiveCfg = Release|Win32
		{2591E5AC-8EE7-4C64-B401-AE8FE3A3A2AD}.Release|x86.Build.0 = Release|Win32
		{E64719D3-17E1-451F-AFEE-C61A52CD730E}.Debug|x64.ActiveCfg = Debug|x64
		{E64719D3-17E1-451F-AFEE-C61A52CD730E}.Debug|x64.Build.0 = Debug|x64
		{E64719D3-17E1-451F-AFEE-C61A52CD730E}.Debug|x86.ActiveCfg = Debug|Win32
		{E64719D3-17E1-451F-AFEE-C61A52CD730E}.Debug|x86.Build.0 = Debug|Win32
		{E64719D3-17E1-451F-AFEE-C61A52CD730E}.Release|x64.ActiveCfg = Release|x64
		{E64719D3-17E1-451F-AFEE-C61A52CD730E}.Release|x64.Build.0 = Release|x64
		{E64719D3-17E1-451F-AFEE-C61A52CD730E}.Release|x86.ActiveCfg = Release|Win32
		{E64719D3-17E1-451F-AFEE-C61A52CD730E}.Release|x86.Build.0 = Release|Win32
		{983B17E6-A03D-41D2-AD18-D541E52DC378}.Debug|x64.ActiveCfg = Debug|x64
		{983B17E6-A03D-41D2-AD18-D541E52DC378}.Debug|x64.Build.0 = Debug|x64
		{983B17E6-A03D-41D2-AD18-D541E52DC378}.Debug|x86.ActiveCfg = Debug|Win32
		{983B17E6-A03D-41D2-AD18-D541E52DC378}.Debug|x86.Build.0 = Debug|Win32
		{983B17E6-A03D-41D2-AD18-D541E52DC378}.Release|x64.ActiveCfg = Release|x64
		{983B17E6-A03D-41D2-AD18-D541E52DC378}.Release|x64.Build.0 = Release|x64
		{983B17E6-A03D-41D2-AD18-D541E52DC378}.Release|x86.ActiveCfg = Release|Win32
		{983B17E6-A03D-41D2-AD18-D541E52DC378}.Release|x86.Build.0 = Release|Win32
		{714A969A-8701-47C0-B37A-4BB5F860650D}.Debug|x64.ActiveCfg = Debug|x64
		{714A969A-8701-47C0-B37A-4BB5F860650D}.Debug|x64.Build.0 = Debug|x64
		{714A969A-8701-47C0-B37A-4BB5F860650D}.Debug|x86.ActiveCfg = Debug|Win32
		{714A969A-8701-47C0-B37A-4BB5F860650D}.Debug|x86.Build.0 = Debug|Win32
		{714A969A-8701-47C0-B37A-4BB5F860650D}.Release|x64.ActiveCfg = Release|x64
		{714A969A-8701-47C0-B37A-4BB5F860650D}.Release|x64.Build.0 = Release|x64
		{714A969A-8701-47C0-B37A-4BB5F860650D}.Release|x86.ActiveCfg = Release|Win32
		{714A969A-8701-47C0-B37A-4BB5F860650D}.Release|x86.Build.0 = Release|Win32
		{84F7F240-101B-4F8A-87A2-C06D0C5AD00B}.Debug|x64.ActiveCfg = Debug|x64
		{84F7F240-101B-4F8A-87A2-C06D0C5AD00B}.Debug|x64.Build.0 = Debug|x64
		{84F7F240-101B-4F8A-87A2-C06D0C5AD00B}.Debug|x86.ActiveCfg = Debug|Win32
		{84F7F240-101B-4F8A-87A2-C06D0C5AD00B}.Debug|x86.Build.0 = Debug|Win32
		{84F7F240-101B-4F8A-87A2-C06D0C5AD00B}.Release|x64.ActiveCfg = Release|x64
		{84F7F240-101B-4F8A-87A2-C06D0C5AD00B}.Release|x64.Build.0 = Release|x64
		{84F7F240-101B-4F8A-87A2-C06D0C5AD00B}.Release|x86.ActiveCfg = Release|Win32
		{84F7F240-101B-4F8A-87A2-C06D0C5AD00B}.Release|x86.Build.0 = Release|Win32
	EndGlobalSection
	GlobalSection(SolutionProperties) = preSolution
		HideSolutionNode = FALSE
	EndGlobalSection
	GlobalSection(ExtensibilityGlobals) = postSolution
		SolutionGuid = {B3B5C6B6-4844-486F-984B-E039A641FCD3}
	EndGlobalSection
EndGlobal
