<?xml version="1.0" encoding="utf-8"?>
<Project ToolsVersion="4.0" xmlns="http://schemas.microsoft.com/developer/msbuild/2003">
  <ItemGroup>
    <Filter Include="Util">
      <UniqueIdentifier>{f4b64f6c-7eb1-40df-8449-e05fb1f6bb00}</UniqueIdentifier>
    </Filter>
    <Filter Include="Buffer">
      <UniqueIdentifier>{6089699b-c399-44a8-9cfe-e994f742e30c}</UniqueIdentifier>
    </Filter>
    <Filter Include="Basis">
      <UniqueIdentifier>{9e0c5f6f-3907-441f-a381-7565b1286325}</UniqueIdentifier>
    </Filter>
    <Filter Include="Io">
      <UniqueIdentifier>{339a0dcc-f197-45fb-b0fe-8768a3656ada}</UniqueIdentifier>
    </Filter>
    <Filter Include="Debug">
      <UniqueIdentifier>{a66fcce2-16d7-49f2-8bc5-456e83520704}</UniqueIdentifier>
    </Filter>
    <Filter Include="Event">
      <UniqueIdentifier>{bff1df23-316c-4e63-9be1-32bf2fcb1b5d}</UniqueIdentifier>
    </Filter>
  </ItemGroup>
  <ItemGroup>
    <ClInclude Include="TestCommon.hpp">
      <Filter>Debug</Filter>
    </ClInclude>
    <ClInclude Include="ByteBuffer.hpp">
      <Filter>Buffer</Filter>
    </ClInclude>
    <ClInclude Include="ByteChunk.hpp">
      <Filter>Buffer</Filter>
    </ClInclude>
    <ClInclude Include="Common.hpp">
      <Filter>Basis</Filter>
    </ClInclude>
    <ClInclude Include="Config.hpp">
      <Filter>Util</Filter>
    </ClInclude>
    <ClInclude Include="Debug.hpp">
      <Filter>Debug</Filter>
    </ClInclude>
    <ClInclude Include="FileIo.hpp">
      <Filter>Io</Filter>
    </ClInclude>
    <ClInclude Include="IntrList.hpp">
      <Filter>Util</Filter>
    </ClInclude>
    <ClInclude Include="Flags.hpp">
      <Filter>Util</Filter>
    </ClInclude>
    <ClInclude Include="IoGroup.hpp">
      <Filter>Io</Filter>
    </ClInclude>
    <ClInclude Include="Listener.hpp">
      <Filter>Io</Filter>
    </ClInclude>
    <ClInclude Include="Pool.hpp">
      <Filter>Util</Filter>
    </ClInclude>
    <ClInclude Include="SockIo.hpp">
      <Filter>Io</Filter>
    </ClInclude>
    <ClInclude Include="Pipeline.hpp">
      <Filter>Io</Filter>
    </ClInclude>
    <ClInclude Include="Sync.hpp">
      <Filter>Util</Filter>
    </ClInclude>
    <ClInclude Include="Ucp.hpp">
      <Filter>Io</Filter>
    </ClInclude>
    <ClInclude Include="UcpSeg.hpp">
      <Filter>Io</Filter>
    </ClInclude>
    <ClInclude Include="System.hpp">
      <Filter>Basis</Filter>
    </ClInclude>
    <ClInclude Include="Wsa.hpp">
      <Filter>Basis</Filter>
    </ClInclude>
    <ClInclude Include="Crypto.hpp">
      <Filter>Util</Filter>
    </ClInclude>
    <ClInclude Include="GenSingleton.inl">
      <Filter>Util</Filter>
    </ClInclude>
    <ClInclude Include="AlignedStorage.hpp">
      <Filter>Util</Filter>
    </ClInclude>
    <ClInclude Include="EventBase.hpp">
      <Filter>Event</Filter>
    </ClInclude>
    <ClInclude Include="EventBus.hpp">
      <Filter>Event</Filter>
    </ClInclude>
    <ClInclude Include="String.hpp">
      <Filter>Util</Filter>
    </ClInclude>
  </ItemGroup>
  <ItemGroup>
    <ClCompile Include="TestCommon.cpp">
      <Filter>Debug</Filter>
    </ClCompile>
    <ClCompile Include="Config.cpp">
      <Filter>Util</Filter>
    </ClCompile>
    <ClCompile Include="IoGroup.cpp">
      <Filter>Io</Filter>
    </ClCompile>
    <ClCompile Include="System.cpp">
      <Filter>Basis</Filter>
    </ClCompile>
    <ClCompile Include="Wsa.cpp">
      <Filter>Basis</Filter>
    </ClCompile>
    <ClCompile Include="String.cpp">
      <Filter>Util</Filter>
    </ClCompile>
  </ItemGroup>
  <ItemGroup>
    <None Include="GenEvent.inl">
      <Filter>Event</Filter>
    </None>
  </ItemGroup>
</Project>